github.com/adraenwan/opengl-es-go v0.0.0-20150603063834-39b7066af7c2 h1:Yzm59/hcTu6zRrJzR5rmsuGiwB1g8jbHR4cIr9hwPKg=
github.com/adraenwan/opengl-es-go v0.0.0-20150603063834-39b7066af7c2/go.mod h1:uSgZwepxb/uB8Sat8WRdDEr9uJ2N/0QUeQBm++q8YyU=
github.com/remogatto/egl v0.0.0-20140203134355-fea5ba3496ba h1:0EE2haDQAnaldV7OhCWqltUPcgsZUZttKOGcHKZyxdM=
github.com/remogatto/egl v0.0.0-20140203134355-fea5ba3496ba/go.mod h1:/SxS0px6zZIo/owvUHed3K8JBZQ10aIpTdMOkjeWlmo=
